
Microsoft Visual Studio Solution File, Format Version 12.00
# Visual Studio Version 16
VisualStudioVersion = 16.0.29920.165
MinimumVisualStudioVersion = 10.0.40219.1
Project("{FAE04EC0-301F-11D3-BF4B-00C04F79EFBC}") = "tehtava15", "tehtava15\tehtava15.csproj", "{37E880EA-E64D-47FE-B740-0E05678DD081}"
EndProject
Global
	GlobalSection(SolutionConfigurationPlatforms) = preSolution
		Debug|Any CPU = Debug|Any CPU
		Release|Any CPU = Release|Any CPU
	EndGlobalSection
	GlobalSection(ProjectConfigurationPlatforms) = postSolution
		{37E880EA-E64D-47FE-B740-0E05678DD081}.Debug|Any CPU.ActiveCfg = Debug|Any CPU
		{37E880EA-E64D-47FE-B740-0E05678DD081}.Debug|Any CPU.Build.0 = Debug|Any CPU
		{37E880EA-E64D-47FE-B740-0E05678DD081}.Release|Any CPU.ActiveCfg = Release|Any CPU
		{37E880EA-E64D-47FE-B740-0E05678DD081}.Release|Any CPU.Build.0 = Release|Any CPU
	EndGlobalSection
	GlobalSection(SolutionProperties) = preSolution
		HideSolutionNode = FALSE
	EndGlobalSection
	GlobalSection(ExtensibilityGlobals) = postSolution
		SolutionGuid = {78335CB6-5AA0-4964-9077-DFF067CC6CDC}
	EndGlobalSection
EndGlobal
